
Microsoft Visual Studio Solution File, Format Version 12.00
# Visual Studio Version 17
VisualStudioVersion = 17.1.32421.90
MinimumVisualStudioVersion = 10.0.40219.1
Project("{2150E333-8FDC-42A3-9474-1A3956D46DE8}") = "Services", "Services", "{64168578-3B63-4F0F-B7CF-6D84CBD33B28}"
EndProject
Project("{2150E333-8FDC-42A3-9474-1A3956D46DE8}") = "WebApps", "WebApps", "{1A4C36E8-C117-4FDC-8D54-FA15714DB058}"
EndProject
Project("{2150E333-8FDC-42A3-9474-1A3956D46DE8}") = "Cadastros", "Cadastros", "{400CA05A-E670-4988-BE0E-A61046BEB467}"
EndProject
Project("{2150E333-8FDC-42A3-9474-1A3956D46DE8}") = "Catalogo", "Catalogo", "{523699C1-9507-4457-9A1B-AD27200192E6}"
EndProject
Project("{2150E333-8FDC-42A3-9474-1A3956D46DE8}") = "Core", "Core", "{F7552620-35EF-4FE8-98B6-D9283F204DC4}"
EndProject
Project("{2150E333-8FDC-42A3-9474-1A3956D46DE8}") = "Fiscal", "Fiscal", "{D8354B22-734A-4D65-ABD4-F2CBA19AE25C}"
EndProject
Project("{2150E333-8FDC-42A3-9474-1A3956D46DE8}") = "Pagamentos", "Pagamentos", "{43711CBB-74EA-4C02-8E58-B65552253819}"
EndProject
Project("{2150E333-8FDC-42A3-9474-1A3956D46DE8}") = "Vendas", "Vendas", "{E2B10A8E-45AE-41C1-BBE0-EB9146BFCF45}"
EndProject
Project("{9A19103F-16F7-4668-BE54-9A1E7A4F7556}") = "NerdStore.Catalogo.Domain", "NerdStore.Catalogo.Domain\NerdStore.Catalogo.Domain.csproj", "{4A9725B9-603F-4A6A-9225-17CCDC61CAF9}"
EndProject
Project("{9A19103F-16F7-4668-BE54-9A1E7A4F7556}") = "NerdStore.Core", "NerdStore.Core\NerdStore.Core.csproj", "{C75EBA35-FB14-46C8-AC0E-1D81A7A962BA}"
EndProject
Project("{2150E333-8FDC-42A3-9474-1A3956D46DE8}") = "Tests", "Tests", "{C12CD98A-3D4C-41B0-B4E1-D1A7B3D069B6}"
EndProject
Project("{FAE04EC0-301F-11D3-BF4B-00C04F79EFBC}") = "NerdStore.Catalogo.Domain.Tests", "NerdStore.Catalogo.Domain.Tests\NerdStore.Catalogo.Domain.Tests.csproj", "{7512D55D-CB21-4E25-BA99-BA50933E8623}"
EndProject
Project("{FAE04EC0-301F-11D3-BF4B-00C04F79EFBC}") = "NerdStore.Catalogo.Data", "NerdStore.Catalogo.Data\NerdStore.Catalogo.Data.csproj", "{7485F59E-21D1-4A25-B5E3-3AC757CA505F}"
EndProject
Global
	GlobalSection(SolutionConfigurationPlatforms) = preSolution
		Debug|Any CPU = Debug|Any CPU
		Release|Any CPU = Release|Any CPU
	EndGlobalSection
	GlobalSection(ProjectConfigurationPlatforms) = postSolution
		{4A9725B9-603F-4A6A-9225-17CCDC61CAF9}.Debug|Any CPU.ActiveCfg = Debug|Any CPU
		{4A9725B9-603F-4A6A-9225-17CCDC61CAF9}.Debug|Any CPU.Build.0 = Debug|Any CPU
		{4A9725B9-603F-4A6A-9225-17CCDC61CAF9}.Release|Any CPU.ActiveCfg = Release|Any CPU
		{4A9725B9-603F-4A6A-9225-17CCDC61CAF9}.Release|Any CPU.Build.0 = Release|Any CPU
		{C75EBA35-FB14-46C8-AC0E-1D81A7A962BA}.Debug|Any CPU.ActiveCfg = Debug|Any CPU
		{C75EBA35-FB14-46C8-AC0E-1D81A7A962BA}.Debug|Any CPU.Build.0 = Debug|Any CPU
		{C75EBA35-FB14-46C8-AC0E-1D81A7A962BA}.Release|Any CPU.ActiveCfg = Release|Any CPU
		{C75EBA35-FB14-46C8-AC0E-1D81A7A962BA}.Release|Any CPU.Build.0 = Release|Any CPU
		{7512D55D-CB21-4E25-BA99-BA50933E8623}.Debug|Any CPU.ActiveCfg = Debug|Any CPU
		{7512D55D-CB21-4E25-BA99-BA50933E8623}.Debug|Any CPU.Build.0 = Debug|Any CPU
		{7512D55D-CB21-4E25-BA99-BA50933E8623}.Release|Any CPU.ActiveCfg = Release|Any CPU
		{7512D55D-CB21-4E25-BA99-BA50933E8623}.Release|Any CPU.Build.0 = Release|Any CPU
		{7485F59E-21D1-4A25-B5E3-3AC757CA505F}.Debug|Any CPU.ActiveCfg = Debug|Any CPU
		{7485F59E-21D1-4A25-B5E3-3AC757CA505F}.Debug|Any CPU.Build.0 = Debug|Any CPU
		{7485F59E-21D1-4A25-B5E3-3AC757CA505F}.Release|Any CPU.ActiveCfg = Release|Any CPU
		{7485F59E-21D1-4A25-B5E3-3AC757CA505F}.Release|Any CPU.Build.0 = Release|Any CPU
	EndGlobalSection
	GlobalSection(SolutionProperties) = preSolution
		HideSolutionNode = FALSE
	EndGlobalSection
	GlobalSection(NestedProjects) = preSolution
		{400CA05A-E670-4988-BE0E-A61046BEB467} = {64168578-3B63-4F0F-B7CF-6D84CBD33B28}
		{523699C1-9507-4457-9A1B-AD27200192E6} = {64168578-3B63-4F0F-B7CF-6D84CBD33B28}
		{F7552620-35EF-4FE8-98B6-D9283F204DC4} = {64168578-3B63-4F0F-B7CF-6D84CBD33B28}
		{D8354B22-734A-4D65-ABD4-F2CBA19AE25C} = {64168578-3B63-4F0F-B7CF-6D84CBD33B28}
		{43711CBB-74EA-4C02-8E58-B65552253819} = {64168578-3B63-4F0F-B7CF-6D84CBD33B28}
		{E2B10A8E-45AE-41C1-BBE0-EB9146BFCF45} = {64168578-3B63-4F0F-B7CF-6D84CBD33B28}
		{4A9725B9-603F-4A6A-9225-17CCDC61CAF9} = {523699C1-9507-4457-9A1B-AD27200192E6}
		{C75EBA35-FB14-46C8-AC0E-1D81A7A962BA} = {F7552620-35EF-4FE8-98B6-D9283F204DC4}
		{C12CD98A-3D4C-41B0-B4E1-D1A7B3D069B6} = {523699C1-9507-4457-9A1B-AD27200192E6}
		{7512D55D-CB21-4E25-BA99-BA50933E8623} = {C12CD98A-3D4C-41B0-B4E1-D1A7B3D069B6}
		{7485F59E-21D1-4A25-B5E3-3AC757CA505F} = {523699C1-9507-4457-9A1B-AD27200192E6}
	EndGlobalSection
	GlobalSection(ExtensibilityGlobals) = postSolution
		SolutionGuid = {F3801A75-0C15-4B84-A4D1-AC1F9615C515}
	EndGlobalSection
EndGlobal
